<Solution>
  <Configurations>
    <Platform Name="x64" />
    <Platform Name="x86" />
  </Configurations>
  <Project Path="KIT205-Assessment-Task-1/KIT205-Assessment-Task-1.vcxproj" Id="3ef9d390-a9b2-469c-b272-203d6e862911" />
  <Project Path="KIT205-Assessment-Task-2/KIT205-Assessment-Task-2.vcxproj" Id="00621811-b395-4ebd-b9b6-a7cca62b1826" />
  <Project Path="Week2/Week2.vcxproj" Id="1d2e02c7-9c2e-447f-9171-c332ba955166" />
</Solution>
